
Microsoft Visual Studio Solution File, Format Version 12.00
# Visual Studio Version 17
VisualStudioVersion = 17.0.31903.59
MinimumVisualStudioVersion = 10.0.40219.1
Project("{2150E333-8FDC-42A3-9474-1A3956D46DE8}") = "src", "src", "{827E0CD3-B72D-47B6-A68D-7590B98EB39B}"
EndProject
Project("{FAE04EC0-301F-11D3-BF4B-00C04F79EFBC}") = "WahadiniCryptoQuest.API", "src\WahadiniCryptoQuest.API\WahadiniCryptoQuest.API.csproj", "{9BA1E6A2-3BE9-4252-A520-85D3D28F0C0D}"
EndProject
Project("{FAE04EC0-301F-11D3-BF4B-00C04F79EFBC}") = "WahadiniCryptoQuest.Service", "src\WahadiniCryptoQuest.Service\WahadiniCryptoQuest.Service.csproj", "{87B51953-CDFD-4C65-8645-C47BBF673C8B}"
EndProject
Project("{FAE04EC0-301F-11D3-BF4B-00C04F79EFBC}") = "WahadiniCryptoQuest.Core", "src\WahadiniCryptoQuest.Core\WahadiniCryptoQuest.Core.csproj", "{C49F8E56-36D3-490F-AEAB-16FDE34270EC}"
EndProject
Project("{FAE04EC0-301F-11D3-BF4B-00C04F79EFBC}") = "WahadiniCryptoQuest.DAL", "src\WahadiniCryptoQuest.DAL\WahadiniCryptoQuest.DAL.csproj", "{18EE9193-69D3-477D-94B4-6EFC1B2651F8}"
EndProject
Project("{2150E333-8FDC-42A3-9474-1A3956D46DE8}") = "tests", "tests", "{0AB3BF05-4346-4AA6-1389-037BE0695223}"
EndProject
Project("{FAE04EC0-301F-11D3-BF4B-00C04F79EFBC}") = "WahadiniCryptoQuest.Core.Tests", "tests\WahadiniCryptoQuest.Core.Tests\WahadiniCryptoQuest.Core.Tests.csproj", "{728C7F89-AC6B-4C07-A7AC-0917AA96BB10}"
EndProject
Project("{FAE04EC0-301F-11D3-BF4B-00C04F79EFBC}") = "WahadiniCryptoQuest.API.Tests", "tests\WahadiniCryptoQuest.API.Tests\WahadiniCryptoQuest.API.Tests.csproj", "{06B29909-44F8-49F6-AF68-61C36D9F0ECB}"
EndProject
Project("{FAE04EC0-301F-11D3-BF4B-00C04F79EFBC}") = "WahadiniCryptoQuest.DAL.Tests", "tests\WahadiniCryptoQuest.DAL.Tests\WahadiniCryptoQuest.DAL.Tests.csproj", "{CE7A3CAB-43CE-45D5-B951-6B5E55261E62}"
EndProject
Project("{FAE04EC0-301F-11D3-BF4B-00C04F79EFBC}") = "WahadiniCryptoQuest.Performance.Tests", "tests\WahadiniCryptoQuest.Performance.Tests\WahadiniCryptoQuest.Performance.Tests.csproj", "{A1B2C3D4-E5F6-4789-A012-3456789ABCDE}"
EndProject
Project("{FAE04EC0-301F-11D3-BF4B-00C04F79EFBC}") = "WahadiniCryptoQuest.Service.Tests", "tests\WahadiniCryptoQuest.Service.Tests\WahadiniCryptoQuest.Service.Tests.csproj", "{095EC5BC-D174-4B69-BA5E-CF15330D4350}"
EndProject
Project("{FAE04EC0-301F-11D3-BF4B-00C04F79EFBC}") = "WahadiniCryptoQuest.Security.Tests", "tests\WahadiniCryptoQuest.Security.Tests\WahadiniCryptoQuest.Security.Tests.csproj", "{72D8010F-78B9-48FF-B33B-8028D3E79F9E}"
EndProject
Global
	GlobalSection(SolutionConfigurationPlatforms) = preSolution
		Debug|Any CPU = Debug|Any CPU
		Debug|x64 = Debug|x64
		Debug|x86 = Debug|x86
		Release|Any CPU = Release|Any CPU
		Release|x64 = Release|x64
		Release|x86 = Release|x86
	EndGlobalSection
	GlobalSection(ProjectConfigurationPlatforms) = postSolution
		{9BA1E6A2-3BE9-4252-A520-85D3D28F0C0D}.Debug|Any CPU.ActiveCfg = Debug|Any CPU
		{9BA1E6A2-3BE9-4252-A520-85D3D28F0C0D}.Debug|Any CPU.Build.0 = Debug|Any CPU
		{9BA1E6A2-3BE9-4252-A520-85D3D28F0C0D}.Debug|x64.ActiveCfg = Debug|Any CPU
		{9BA1E6A2-3BE9-4252-A520-85D3D28F0C0D}.Debug|x64.Build.0 = Debug|Any CPU
		{9BA1E6A2-3BE9-4252-A520-85D3D28F0C0D}.Debug|x86.ActiveCfg = Debug|Any CPU
		{9BA1E6A2-3BE9-4252-A520-85D3D28F0C0D}.Debug|x86.Build.0 = Debug|Any CPU
		{9BA1E6A2-3BE9-4252-A520-85D3D28F0C0D}.Release|Any CPU.ActiveCfg = Release|Any CPU
		{9BA1E6A2-3BE9-4252-A520-85D3D28F0C0D}.Release|Any CPU.Build.0 = Release|Any CPU
		{9BA1E6A2-3BE9-4252-A520-85D3D28F0C0D}.Release|x64.ActiveCfg = Release|Any CPU
		{9BA1E6A2-3BE9-4252-A520-85D3D28F0C0D}.Release|x64.Build.0 = Release|Any CPU
		{9BA1E6A2-3BE9-4252-A520-85D3D28F0C0D}.Release|x86.ActiveCfg = Release|Any CPU
		{9BA1E6A2-3BE9-4252-A520-85D3D28F0C0D}.Release|x86.Build.0 = Release|Any CPU
		{87B51953-CDFD-4C65-8645-C47BBF673C8B}.Debug|Any CPU.ActiveCfg = Debug|Any CPU
		{87B51953-CDFD-4C65-8645-C47BBF673C8B}.Debug|Any CPU.Build.0 = Debug|Any CPU
		{87B51953-CDFD-4C65-8645-C47BBF673C8B}.Debug|x64.ActiveCfg = Debug|Any CPU
		{87B51953-CDFD-4C65-8645-C47BBF673C8B}.Debug|x64.Build.0 = Debug|Any CPU
		{87B51953-CDFD-4C65-8645-C47BBF673C8B}.Debug|x86.ActiveCfg = Debug|Any CPU
		{87B51953-CDFD-4C65-8645-C47BBF673C8B}.Debug|x86.Build.0 = Debug|Any CPU
		{87B51953-CDFD-4C65-8645-C47BBF673C8B}.Release|Any CPU.ActiveCfg = Release|Any CPU
		{87B51953-CDFD-4C65-8645-C47BBF673C8B}.Release|Any CPU.Build.0 = Release|Any CPU
		{87B51953-CDFD-4C65-8645-C47BBF673C8B}.Release|x64.ActiveCfg = Release|Any CPU
		{87B51953-CDFD-4C65-8645-C47BBF673C8B}.Release|x64.Build.0 = Release|Any CPU
		{87B51953-CDFD-4C65-8645-C47BBF673C8B}.Release|x86.ActiveCfg = Release|Any CPU
		{87B51953-CDFD-4C65-8645-C47BBF673C8B}.Release|x86.Build.0 = Release|Any CPU
		{C49F8E56-36D3-490F-AEAB-16FDE34270EC}.Debug|Any CPU.ActiveCfg = Debug|Any CPU
		{C49F8E56-36D3-490F-AEAB-16FDE34270EC}.Debug|Any CPU.Build.0 = Debug|Any CPU
		{C49F8E56-36D3-490F-AEAB-16FDE34270EC}.Debug|x64.ActiveCfg = Debug|Any CPU
		{C49F8E56-36D3-490F-AEAB-16FDE34270EC}.Debug|x64.Build.0 = Debug|Any CPU
		{C49F8E56-36D3-490F-AEAB-16FDE34270EC}.Debug|x86.ActiveCfg = Debug|Any CPU
		{C49F8E56-36D3-490F-AEAB-16FDE34270EC}.Debug|x86.Build.0 = Debug|Any CPU
		{C49F8E56-36D3-490F-AEAB-16FDE34270EC}.Release|Any CPU.ActiveCfg = Release|Any CPU
		{C49F8E56-36D3-490F-AEAB-16FDE34270EC}.Release|Any CPU.Build.0 = Release|Any CPU
		{C49F8E56-36D3-490F-AEAB-16FDE34270EC}.Release|x64.ActiveCfg = Release|Any CPU
		{C49F8E56-36D3-490F-AEAB-16FDE34270EC}.Release|x64.Build.0 = Release|Any CPU
		{C49F8E56-36D3-490F-AEAB-16FDE34270EC}.Release|x86.ActiveCfg = Release|Any CPU
		{C49F8E56-36D3-490F-AEAB-16FDE34270EC}.Release|x86.Build.0 = Release|Any CPU
		{18EE9193-69D3-477D-94B4-6EFC1B2651F8}.Debug|Any CPU.ActiveCfg = Debug|Any CPU
		{18EE9193-69D3-477D-94B4-6EFC1B2651F8}.Debug|Any CPU.Build.0 = Debug|Any CPU
		{18EE9193-69D3-477D-94B4-6EFC1B2651F8}.Debug|x64.ActiveCfg = Debug|Any CPU
		{18EE9193-69D3-477D-94B4-6EFC1B2651F8}.Debug|x64.Build.0 = Debug|Any CPU
		{18EE9193-69D3-477D-94B4-6EFC1B2651F8}.Debug|x86.ActiveCfg = Debug|Any CPU
		{18EE9193-69D3-477D-94B4-6EFC1B2651F8}.Debug|x86.Build.0 = Debug|Any CPU
		{18EE9193-69D3-477D-94B4-6EFC1B2651F8}.Release|Any CPU.ActiveCfg = Release|Any CPU
		{18EE9193-69D3-477D-94B4-6EFC1B2651F8}.Release|Any CPU.Build.0 = Release|Any CPU
		{18EE9193-69D3-477D-94B4-6EFC1B2651F8}.Release|x64.ActiveCfg = Release|Any CPU
		{18EE9193-69D3-477D-94B4-6EFC1B2651F8}.Release|x64.Build.0 = Release|Any CPU
		{18EE9193-69D3-477D-94B4-6EFC1B2651F8}.Release|x86.ActiveCfg = Release|Any CPU
		{18EE9193-69D3-477D-94B4-6EFC1B2651F8}.Release|x86.Build.0 = Release|Any CPU
		{728C7F89-AC6B-4C07-A7AC-0917AA96BB10}.Debug|Any CPU.ActiveCfg = Debug|Any CPU
		{728C7F89-AC6B-4C07-A7AC-0917AA96BB10}.Debug|Any CPU.Build.0 = Debug|Any CPU
		{728C7F89-AC6B-4C07-A7AC-0917AA96BB10}.Debug|x64.ActiveCfg = Debug|Any CPU
		{728C7F89-AC6B-4C07-A7AC-0917AA96BB10}.Debug|x64.Build.0 = Debug|Any CPU
		{728C7F89-AC6B-4C07-A7AC-0917AA96BB10}.Debug|x86.ActiveCfg = Debug|Any CPU
		{728C7F89-AC6B-4C07-A7AC-0917AA96BB10}.Debug|x86.Build.0 = Debug|Any CPU
		{728C7F89-AC6B-4C07-A7AC-0917AA96BB10}.Release|Any CPU.ActiveCfg = Release|Any CPU
		{728C7F89-AC6B-4C07-A7AC-0917AA96BB10}.Release|Any CPU.Build.0 = Release|Any CPU
		{728C7F89-AC6B-4C07-A7AC-0917AA96BB10}.Release|x64.ActiveCfg = Release|Any CPU
		{728C7F89-AC6B-4C07-A7AC-0917AA96BB10}.Release|x64.Build.0 = Release|Any CPU
		{728C7F89-AC6B-4C07-A7AC-0917AA96BB10}.Release|x86.ActiveCfg = Release|Any CPU
		{728C7F89-AC6B-4C07-A7AC-0917AA96BB10}.Release|x86.Build.0 = Release|Any CPU
		{06B29909-44F8-49F6-AF68-61C36D9F0ECB}.Debug|Any CPU.ActiveCfg = Debug|Any CPU
		{06B29909-44F8-49F6-AF68-61C36D9F0ECB}.Debug|Any CPU.Build.0 = Debug|Any CPU
		{06B29909-44F8-49F6-AF68-61C36D9F0ECB}.Debug|x64.ActiveCfg = Debug|Any CPU
		{06B29909-44F8-49F6-AF68-61C36D9F0ECB}.Debug|x64.Build.0 = Debug|Any CPU
		{06B29909-44F8-49F6-AF68-61C36D9F0ECB}.Debug|x86.ActiveCfg = Debug|Any CPU
		{06B29909-44F8-49F6-AF68-61C36D9F0ECB}.Debug|x86.Build.0 = Debug|Any CPU
		{06B29909-44F8-49F6-AF68-61C36D9F0ECB}.Release|Any CPU.ActiveCfg = Release|Any CPU
		{06B29909-44F8-49F6-AF68-61C36D9F0ECB}.Release|Any CPU.Build.0 = Release|Any CPU
		{06B29909-44F8-49F6-AF68-61C36D9F0ECB}.Release|x64.ActiveCfg = Release|Any CPU
		{06B29909-44F8-49F6-AF68-61C36D9F0ECB}.Release|x64.Build.0 = Release|Any CPU
		{06B29909-44F8-49F6-AF68-61C36D9F0ECB}.Release|x86.ActiveCfg = Release|Any CPU
		{06B29909-44F8-49F6-AF68-61C36D9F0ECB}.Release|x86.Build.0 = Release|Any CPU
		{CE7A3CAB-43CE-45D5-B951-6B5E55261E62}.Debug|Any CPU.ActiveCfg = Debug|Any CPU
		{CE7A3CAB-43CE-45D5-B951-6B5E55261E62}.Debug|Any CPU.Build.0 = Debug|Any CPU
		{CE7A3CAB-43CE-45D5-B951-6B5E55261E62}.Debug|x64.ActiveCfg = Debug|Any CPU
		{CE7A3CAB-43CE-45D5-B951-6B5E55261E62}.Debug|x64.Build.0 = Debug|Any CPU
		{CE7A3CAB-43CE-45D5-B951-6B5E55261E62}.Debug|x86.ActiveCfg = Debug|Any CPU
		{CE7A3CAB-43CE-45D5-B951-6B5E55261E62}.Debug|x86.Build.0 = Debug|Any CPU
		{CE7A3CAB-43CE-45D5-B951-6B5E55261E62}.Release|Any CPU.ActiveCfg = Release|Any CPU
		{CE7A3CAB-43CE-45D5-B951-6B5E55261E62}.Release|Any CPU.Build.0 = Release|Any CPU
		{CE7A3CAB-43CE-45D5-B951-6B5E55261E62}.Release|x64.ActiveCfg = Release|Any CPU
		{CE7A3CAB-43CE-45D5-B951-6B5E55261E62}.Release|x64.Build.0 = Release|Any CPU
		{CE7A3CAB-43CE-45D5-B951-6B5E55261E62}.Release|x86.ActiveCfg = Release|Any CPU
		{CE7A3CAB-43CE-45D5-B951-6B5E55261E62}.Release|x86.Build.0 = Release|Any CPU
		{A1B2C3D4-E5F6-4789-A012-3456789ABCDE}.Debug|Any CPU.ActiveCfg = Debug|Any CPU
		{A1B2C3D4-E5F6-4789-A012-3456789ABCDE}.Debug|Any CPU.Build.0 = Debug|Any CPU
		{A1B2C3D4-E5F6-4789-A012-3456789ABCDE}.Debug|x64.ActiveCfg = Debug|Any CPU
		{A1B2C3D4-E5F6-4789-A012-3456789ABCDE}.Debug|x64.Build.0 = Debug|Any CPU
		{A1B2C3D4-E5F6-4789-A012-3456789ABCDE}.Debug|x86.ActiveCfg = Debug|Any CPU
		{A1B2C3D4-E5F6-4789-A012-3456789ABCDE}.Debug|x86.Build.0 = Debug|Any CPU
		{A1B2C3D4-E5F6-4789-A012-3456789ABCDE}.Release|Any CPU.ActiveCfg = Release|Any CPU
		{A1B2C3D4-E5F6-4789-A012-3456789ABCDE}.Release|Any CPU.Build.0 = Release|Any CPU
		{A1B2C3D4-E5F6-4789-A012-3456789ABCDE}.Release|x64.ActiveCfg = Release|Any CPU
		{A1B2C3D4-E5F6-4789-A012-3456789ABCDE}.Release|x64.Build.0 = Release|Any CPU
		{A1B2C3D4-E5F6-4789-A012-3456789ABCDE}.Release|x86.ActiveCfg = Release|Any CPU
		{A1B2C3D4-E5F6-4789-A012-3456789ABCDE}.Release|x86.Build.0 = Release|Any CPU
		{095EC5BC-D174-4B69-BA5E-CF15330D4350}.Debug|Any CPU.ActiveCfg = Debug|Any CPU
		{095EC5BC-D174-4B69-BA5E-CF15330D4350}.Debug|Any CPU.Build.0 = Debug|Any CPU
		{095EC5BC-D174-4B69-BA5E-CF15330D4350}.Debug|x64.ActiveCfg = Debug|Any CPU
		{095EC5BC-D174-4B69-BA5E-CF15330D4350}.Debug|x64.Build.0 = Debug|Any CPU
		{095EC5BC-D174-4B69-BA5E-CF15330D4350}.Debug|x86.ActiveCfg = Debug|Any CPU
		{095EC5BC-D174-4B69-BA5E-CF15330D4350}.Debug|x86.Build.0 = Debug|Any CPU
		{095EC5BC-D174-4B69-BA5E-CF15330D4350}.Release|Any CPU.ActiveCfg = Release|Any CPU
		{095EC5BC-D174-4B69-BA5E-CF15330D4350}.Release|Any CPU.Build.0 = Release|Any CPU
		{095EC5BC-D174-4B69-BA5E-CF15330D4350}.Release|x64.ActiveCfg = Release|Any CPU
		{095EC5BC-D174-4B69-BA5E-CF15330D4350}.Release|x64.Build.0 = Release|Any CPU
		{095EC5BC-D174-4B69-BA5E-CF15330D4350}.Release|x86.ActiveCfg = Release|Any CPU
		{095EC5BC-D174-4B69-BA5E-CF15330D4350}.Release|x86.Build.0 = Release|Any CPU
		{72D8010F-78B9-48FF-B33B-8028D3E79F9E}.Debug|Any CPU.ActiveCfg = Debug|Any CPU
		{72D8010F-78B9-48FF-B33B-8028D3E79F9E}.Debug|Any CPU.Build.0 = Debug|Any CPU
		{72D8010F-78B9-48FF-B33B-8028D3E79F9E}.Debug|x64.ActiveCfg = Debug|Any CPU
		{72D8010F-78B9-48FF-B33B-8028D3E79F9E}.Debug|x64.Build.0 = Debug|Any CPU
		{72D8010F-78B9-48FF-B33B-8028D3E79F9E}.Debug|x86.ActiveCfg = Debug|Any CPU
		{72D8010F-78B9-48FF-B33B-8028D3E79F9E}.Debug|x86.Build.0 = Debug|Any CPU
		{72D8010F-78B9-48FF-B33B-8028D3E79F9E}.Release|Any CPU.ActiveCfg = Release|Any CPU
		{72D8010F-78B9-48FF-B33B-8028D3E79F9E}.Release|Any CPU.Build.0 = Release|Any CPU
		{72D8010F-78B9-48FF-B33B-8028D3E79F9E}.Release|x64.ActiveCfg = Release|Any CPU
		{72D8010F-78B9-48FF-B33B-8028D3E79F9E}.Release|x64.Build.0 = Release|Any CPU
		{72D8010F-78B9-48FF-B33B-8028D3E79F9E}.Release|x86.ActiveCfg = Release|Any CPU
		{72D8010F-78B9-48FF-B33B-8028D3E79F9E}.Release|x86.Build.0 = Release|Any CPU
	EndGlobalSection
	GlobalSection(SolutionProperties) = preSolution
		HideSolutionNode = FALSE
	EndGlobalSection
	GlobalSection(NestedProjects) = preSolution
		{9BA1E6A2-3BE9-4252-A520-85D3D28F0C0D} = {827E0CD3-B72D-47B6-A68D-7590B98EB39B}
		{87B51953-CDFD-4C65-8645-C47BBF673C8B} = {827E0CD3-B72D-47B6-A68D-7590B98EB39B}
		{C49F8E56-36D3-490F-AEAB-16FDE34270EC} = {827E0CD3-B72D-47B6-A68D-7590B98EB39B}
		{18EE9193-69D3-477D-94B4-6EFC1B2651F8} = {827E0CD3-B72D-47B6-A68D-7590B98EB39B}
		{728C7F89-AC6B-4C07-A7AC-0917AA96BB10} = {0AB3BF05-4346-4AA6-1389-037BE0695223}
		{06B29909-44F8-49F6-AF68-61C36D9F0ECB} = {0AB3BF05-4346-4AA6-1389-037BE0695223}
		{CE7A3CAB-43CE-45D5-B951-6B5E55261E62} = {0AB3BF05-4346-4AA6-1389-037BE0695223}
		{A1B2C3D4-E5F6-4789-A012-3456789ABCDE} = {0AB3BF05-4346-4AA6-1389-037BE0695223}
		{095EC5BC-D174-4B69-BA5E-CF15330D4350} = {0AB3BF05-4346-4AA6-1389-037BE0695223}
		{72D8010F-78B9-48FF-B33B-8028D3E79F9E} = {0AB3BF05-4346-4AA6-1389-037BE0695223}
	EndGlobalSection
EndGlobal
